
Microsoft Visual Studio Solution File, Format Version 10.00
# Visual Studio 2008
Project("{8BC9CEB8-8B4A-11D0-8D11-00A0C91BC942}") = "ACT04.Triangulo", "ACT04.Triangulo\ACT04.Triangulo.vcproj", "{515895CB-BA69-4E21-920F-5DE72C960624}"
EndProject
Global
	GlobalSection(SolutionConfigurationPlatforms) = preSolution
		Debug|Win32 = Debug|Win32
		Release|Win32 = Release|Win32
	EndGlobalSection
	GlobalSection(ProjectConfigurationPlatforms) = postSolution
		{515895CB-BA69-4E21-920F-5DE72C960624}.Debug|Win32.ActiveCfg = Debug|Win32
		{515895CB-BA69-4E21-920F-5DE72C960624}.Debug|Win32.Build.0 = Debug|Win32
		{515895CB-BA69-4E21-920F-5DE72C960624}.Release|Win32.ActiveCfg = Release|Win32
		{515895CB-BA69-4E21-920F-5DE72C960624}.Release|Win32.Build.0 = Release|Win32
	EndGlobalSection
	GlobalSection(SolutionProperties) = preSolution
		HideSolutionNode = FALSE
	EndGlobalSection
EndGlobal
