
Microsoft Visual Studio Solution File, Format Version 10.00
# Visual Studio 2008
Project("{8BC9CEB8-8B4A-11D0-8D11-00A0C91BC942}") = "ACT04.Multiplos", "ACT04.Multiplos\ACT04.Multiplos.vcproj", "{172057DD-D4C6-4C29-82A2-F0DDD9E4EF43}"
EndProject
Global
	GlobalSection(SolutionConfigurationPlatforms) = preSolution
		Debug|Win32 = Debug|Win32
		Release|Win32 = Release|Win32
	EndGlobalSection
	GlobalSection(ProjectConfigurationPlatforms) = postSolution
		{172057DD-D4C6-4C29-82A2-F0DDD9E4EF43}.Debug|Win32.ActiveCfg = Debug|Win32
		{172057DD-D4C6-4C29-82A2-F0DDD9E4EF43}.Debug|Win32.Build.0 = Debug|Win32
		{172057DD-D4C6-4C29-82A2-F0DDD9E4EF43}.Release|Win32.ActiveCfg = Release|Win32
		{172057DD-D4C6-4C29-82A2-F0DDD9E4EF43}.Release|Win32.Build.0 = Release|Win32
	EndGlobalSection
	GlobalSection(SolutionProperties) = preSolution
		HideSolutionNode = FALSE
	EndGlobalSection
EndGlobal
