
Microsoft Visual Studio Solution File, Format Version 10.00
# Visual Studio 2008
Project("{8BC9CEB8-8B4A-11D0-8D11-00A0C91BC942}") = "ACT02.CadenaPorTeclado", "ACT02.CadenaPorTeclado\ACT02.CadenaPorTeclado.vcproj", "{0CF772CF-80D7-419C-ACC4-6F0B858EB099}"
EndProject
Global
	GlobalSection(SolutionConfigurationPlatforms) = preSolution
		Debug|Win32 = Debug|Win32
		Release|Win32 = Release|Win32
	EndGlobalSection
	GlobalSection(ProjectConfigurationPlatforms) = postSolution
		{0CF772CF-80D7-419C-ACC4-6F0B858EB099}.Debug|Win32.ActiveCfg = Debug|Win32
		{0CF772CF-80D7-419C-ACC4-6F0B858EB099}.Debug|Win32.Build.0 = Debug|Win32
		{0CF772CF-80D7-419C-ACC4-6F0B858EB099}.Release|Win32.ActiveCfg = Release|Win32
		{0CF772CF-80D7-419C-ACC4-6F0B858EB099}.Release|Win32.Build.0 = Release|Win32
	EndGlobalSection
	GlobalSection(SolutionProperties) = preSolution
		HideSolutionNode = FALSE
	EndGlobalSection
EndGlobal
