
Microsoft Visual Studio Solution File, Format Version 10.00
# Visual Studio 2008
Project("{8BC9CEB8-8B4A-11D0-8D11-00A0C91BC942}") = "ACT03.Notas", "ACT03.Notas\ACT03.Notas.vcproj", "{9F32646E-82C8-4F91-8F1D-D13563134B81}"
EndProject
Global
	GlobalSection(SolutionConfigurationPlatforms) = preSolution
		Debug|Win32 = Debug|Win32
		Release|Win32 = Release|Win32
	EndGlobalSection
	GlobalSection(ProjectConfigurationPlatforms) = postSolution
		{9F32646E-82C8-4F91-8F1D-D13563134B81}.Debug|Win32.ActiveCfg = Debug|Win32
		{9F32646E-82C8-4F91-8F1D-D13563134B81}.Debug|Win32.Build.0 = Debug|Win32
		{9F32646E-82C8-4F91-8F1D-D13563134B81}.Release|Win32.ActiveCfg = Release|Win32
		{9F32646E-82C8-4F91-8F1D-D13563134B81}.Release|Win32.Build.0 = Release|Win32
	EndGlobalSection
	GlobalSection(SolutionProperties) = preSolution
		HideSolutionNode = FALSE
	EndGlobalSection
EndGlobal
