
Microsoft Visual Studio Solution File, Format Version 10.00
# Visual Studio 2008
Project("{8BC9CEB8-8B4A-11D0-8D11-00A0C91BC942}") = "ACT01.NumeroMayor", "ACT01.NumeroMayor\ACT01.NumeroMayor.vcproj", "{014F1E74-80DF-4442-9E40-2634B47D3072}"
EndProject
Global
	GlobalSection(SolutionConfigurationPlatforms) = preSolution
		Debug|Win32 = Debug|Win32
		Release|Win32 = Release|Win32
	EndGlobalSection
	GlobalSection(ProjectConfigurationPlatforms) = postSolution
		{014F1E74-80DF-4442-9E40-2634B47D3072}.Debug|Win32.ActiveCfg = Debug|Win32
		{014F1E74-80DF-4442-9E40-2634B47D3072}.Debug|Win32.Build.0 = Debug|Win32
		{014F1E74-80DF-4442-9E40-2634B47D3072}.Release|Win32.ActiveCfg = Release|Win32
		{014F1E74-80DF-4442-9E40-2634B47D3072}.Release|Win32.Build.0 = Release|Win32
	EndGlobalSection
	GlobalSection(SolutionProperties) = preSolution
		HideSolutionNode = FALSE
	EndGlobalSection
EndGlobal
