
Microsoft Visual Studio Solution File, Format Version 10.00
# Visual Studio 2008
Project("{8BC9CEB8-8B4A-11D0-8D11-00A0C91BC942}") = "ACT02.NumeroMayor", "ACT02.NumeroMayor\ACT02.NumeroMayor.vcproj", "{6E1057AE-7552-49D3-BCC2-FC6F241A032E}"
EndProject
Global
	GlobalSection(SolutionConfigurationPlatforms) = preSolution
		Debug|Win32 = Debug|Win32
		Release|Win32 = Release|Win32
	EndGlobalSection
	GlobalSection(ProjectConfigurationPlatforms) = postSolution
		{6E1057AE-7552-49D3-BCC2-FC6F241A032E}.Debug|Win32.ActiveCfg = Debug|Win32
		{6E1057AE-7552-49D3-BCC2-FC6F241A032E}.Debug|Win32.Build.0 = Debug|Win32
		{6E1057AE-7552-49D3-BCC2-FC6F241A032E}.Release|Win32.ActiveCfg = Release|Win32
		{6E1057AE-7552-49D3-BCC2-FC6F241A032E}.Release|Win32.Build.0 = Release|Win32
	EndGlobalSection
	GlobalSection(SolutionProperties) = preSolution
		HideSolutionNode = FALSE
	EndGlobalSection
EndGlobal
